
Microsoft Visual Studio Solution File, Format Version 12.00
# Visual Studio Version 17
VisualStudioVersion = 17.3.32901.215
MinimumVisualStudioVersion = 10.0.40219.1
Project("{FAE04EC0-301F-11D3-BF4B-00C04F79EFBC}") = "Formula-1-API", "Formula-1-API\Formula-1-API.csproj", "{A48F0012-C718-4043-B1F9-DA872EA479B1}"
EndProject
Project("{FAE04EC0-301F-11D3-BF4B-00C04F79EFBC}") = "Formula-1-API.Tests", "Formula-1-API.Tests\Formula-1-API.Tests.csproj", "{7A0FD375-7A1A-4BC4-9895-49889A87A35D}"
EndProject
Global
	GlobalSection(SolutionProperties) = preSolution
		HideSolutionNode = FALSE
	EndGlobalSection
	GlobalSection(ExtensibilityGlobals) = postSolution
		SolutionGuid = {017948AC-08DA-4CD0-ABD9-8837948C65E1}
	EndGlobalSection
	GlobalSection(SolutionConfigurationPlatforms) = preSolution
		Debug|Any CPU = Debug|Any CPU
		Debug|x64 = Debug|x64
		Debug|x86 = Debug|x86
		Release|Any CPU = Release|Any CPU
		Release|x64 = Release|x64
		Release|x86 = Release|x86
	EndGlobalSection
	GlobalSection(ProjectConfigurationPlatforms) = postSolution
		{A48F0012-C718-4043-B1F9-DA872EA479B1}.Debug|Any CPU.ActiveCfg = Debug|Any CPU
		{A48F0012-C718-4043-B1F9-DA872EA479B1}.Debug|Any CPU.Build.0 = Debug|Any CPU
		{A48F0012-C718-4043-B1F9-DA872EA479B1}.Debug|x64.ActiveCfg = Debug|Any CPU
		{A48F0012-C718-4043-B1F9-DA872EA479B1}.Debug|x64.Build.0 = Debug|Any CPU
		{A48F0012-C718-4043-B1F9-DA872EA479B1}.Debug|x86.ActiveCfg = Debug|Any CPU
		{A48F0012-C718-4043-B1F9-DA872EA479B1}.Debug|x86.Build.0 = Debug|Any CPU
		{A48F0012-C718-4043-B1F9-DA872EA479B1}.Release|Any CPU.ActiveCfg = Release|Any CPU
		{A48F0012-C718-4043-B1F9-DA872EA479B1}.Release|Any CPU.Build.0 = Release|Any CPU
		{A48F0012-C718-4043-B1F9-DA872EA479B1}.Release|x64.ActiveCfg = Release|Any CPU
		{A48F0012-C718-4043-B1F9-DA872EA479B1}.Release|x64.Build.0 = Release|Any CPU
		{A48F0012-C718-4043-B1F9-DA872EA479B1}.Release|x86.ActiveCfg = Release|Any CPU
		{A48F0012-C718-4043-B1F9-DA872EA479B1}.Release|x86.Build.0 = Release|Any CPU
		{7A0FD375-7A1A-4BC4-9895-49889A87A35D}.Debug|Any CPU.ActiveCfg = Debug|Any CPU
		{7A0FD375-7A1A-4BC4-9895-49889A87A35D}.Debug|Any CPU.Build.0 = Debug|Any CPU
		{7A0FD375-7A1A-4BC4-9895-49889A87A35D}.Debug|x64.ActiveCfg = Debug|Any CPU
		{7A0FD375-7A1A-4BC4-9895-49889A87A35D}.Debug|x64.Build.0 = Debug|Any CPU
		{7A0FD375-7A1A-4BC4-9895-49889A87A35D}.Debug|x86.ActiveCfg = Debug|Any CPU
		{7A0FD375-7A1A-4BC4-9895-49889A87A35D}.Debug|x86.Build.0 = Debug|Any CPU
		{7A0FD375-7A1A-4BC4-9895-49889A87A35D}.Release|Any CPU.ActiveCfg = Release|Any CPU
		{7A0FD375-7A1A-4BC4-9895-49889A87A35D}.Release|Any CPU.Build.0 = Release|Any CPU
		{7A0FD375-7A1A-4BC4-9895-49889A87A35D}.Release|x64.ActiveCfg = Release|Any CPU
		{7A0FD375-7A1A-4BC4-9895-49889A87A35D}.Release|x64.Build.0 = Release|Any CPU
		{7A0FD375-7A1A-4BC4-9895-49889A87A35D}.Release|x86.ActiveCfg = Release|Any CPU
		{7A0FD375-7A1A-4BC4-9895-49889A87A35D}.Release|x86.Build.0 = Release|Any CPU
	EndGlobalSection
EndGlobal
