
Microsoft Visual Studio Solution File, Format Version 12.00
# Visual Studio 15
Project("{FAE04EC0-301F-11D3-BF4B-00C04F79EFBC}") = "Formula-1-API", "Formula-1-API\Formula-1-API.csproj", "{1C8B8D8A-84E1-483A-B3B8-0982301F9CD4}"
EndProject
Global
	GlobalSection(SolutionConfigurationPlatforms) = preSolution
		Debug|Any CPU = Debug|Any CPU
		Release|Any CPU = Release|Any CPU
	EndGlobalSection
	GlobalSection(ProjectConfigurationPlatforms) = postSolution
		{1C8B8D8A-84E1-483A-B3B8-0982301F9CD4}.Debug|Any CPU.ActiveCfg = Debug|Any CPU
		{1C8B8D8A-84E1-483A-B3B8-0982301F9CD4}.Debug|Any CPU.Build.0 = Debug|Any CPU
		{1C8B8D8A-84E1-483A-B3B8-0982301F9CD4}.Release|Any CPU.ActiveCfg = Release|Any CPU
		{1C8B8D8A-84E1-483A-B3B8-0982301F9CD4}.Release|Any CPU.Build.0 = Release|Any CPU
	EndGlobalSection
EndGlobal
