{
  "name": "formula-1-api",
  "version": "0.0.0",
  "lockfileVersion": 2,
  "requires": true,
  "packages": {
    "": {
      "name": "formula-1-api",
      "version": "0.0.0",
      "dependencies": {
        "aspnet-prerendering": "^3.0.1",
        "formula-1-web": "file:../Formula-1-Web"
      },
      "devDependencies": {
        "webpack-hot-middleware": "^2.25.3"
      }
    },
    "node_modules/@angular/animations": {
      "version": "14.2.5",
      "resolved": "https://registry.npmjs.org/@angular/animations/-/animations-14.2.5.tgz",
      "integrity": "sha512-4BhR9jSjgIwoK/alu7FSwSU5SxISMVFBAl/4cEYchfCqnflMNkZ8WwRVKTQjyeuYW5KtQTw9jRNp4tGK1YQWYw==",
      "dependencies": {
        "tslib": "^2.3.0"
      },
      "engines": {
        "node": "^14.15.0 || >=16.10.0"
      },
      "peerDependencies": {
        "@angular/core": "14.2.5"
      }
    },
    "node_modules/@angular/common": {
      "version": "14.2.5",
      "resolved": "https://registry.npmjs.org/@angular/common/-/common-14.2.5.tgz",
      "integrity": "sha512-v2fIK6imfMkUvYNjZQO+drE39QO3eSS95Yy7UN+6inb47DkAfzx6hipA9zKrMENjsS3kDv1d7cgDHE7WuOCzIw==",
      "dependencies": {
        "tslib": "^2.3.0"
      },
      "engines": {
        "node": "^14.15.0 || >=16.10.0"
      },
      "peerDependencies": {
        "@angular/core": "14.2.5",
        "rxjs": "^6.5.3 || ^7.4.0"
      }
    },
    "node_modules/@angular/compiler": {
      "version": "14.2.5",
      "resolved": "https://registry.npmjs.org/@angular/compiler/-/compiler-14.2.5.tgz",
      "integrity": "sha512-L7d2/D6o9wlB2ugqRYpev6a8JntqS+7lF2o6z8y7RR2YAlAu71nq0BDsQez4/aSCK3HnDq0yhEnns7vcmOq/jA==",
      "dependencies": {
        "tslib": "^2.3.0"
      },
      "engines": {
        "node": "^14.15.0 || >=16.10.0"
      },
      "peerDependencies": {
        "@angular/core": "14.2.5"
      },
      "peerDependenciesMeta": {
        "@angular/core": {
          "optional": true
        }
      }
    },
    "node_modules/@angular/core": {
      "version": "14.2.5",
      "resolved": "https://registry.npmjs.org/@angular/core/-/core-14.2.5.tgz",
      "integrity": "sha512-Ok78Abq0puMGlolvNVzKFvsX7ePDkyxpZzztDzXDdRA4x4o6bAuuDG9Y7Wab2+wsdY6NktO+dFQjq1UBWClgSg==",
      "dependencies": {
        "tslib": "^2.3.0"
      },
      "engines": {
        "node": "^14.15.0 || >=16.10.0"
      },
      "peerDependencies": {
        "rxjs": "^6.5.3 || ^7.4.0",
        "zone.js": "~0.11.4"
      }
    },
    "node_modules/@angular/forms": {
      "version": "14.2.5",
      "resolved": "https://registry.npmjs.org/@angular/forms/-/forms-14.2.5.tgz",
      "integrity": "sha512-aMH5Vrftny0KF0XzWQIGfHoI0LVQ2aatpWzdUWiUqBeX/Q+ucmxeP5rZyKtUsi0flETWxdRZSBTjbXZ3dsIcTA==",
      "dependencies": {
        "tslib": "^2.3.0"
      },
      "engines": {
        "node": "^14.15.0 || >=16.10.0"
      },
      "peerDependencies": {
        "@angular/common": "14.2.5",
        "@angular/core": "14.2.5",
        "@angular/platform-browser": "14.2.5",
        "rxjs": "^6.5.3 || ^7.4.0"
      }
    },
    "node_modules/@angular/platform-browser": {
      "version": "14.2.5",
      "resolved": "https://registry.npmjs.org/@angular/platform-browser/-/platform-browser-14.2.5.tgz",
      "integrity": "sha512-FDZm23N9veSEouQX1YuZUjv7Nillroi+v0VbN1x5iPpFZEudaoZYT3A7bpJwdlxUx/4rGS0caaXNhN3CowtIeQ==",
      "dependencies": {
        "tslib": "^2.3.0"
      },
      "engines": {
        "node": "^14.15.0 || >=16.10.0"
      },
      "peerDependencies": {
        "@angular/animations": "14.2.5",
        "@angular/common": "14.2.5",
        "@angular/core": "14.2.5"
      },
      "peerDependenciesMeta": {
        "@angular/animations": {
          "optional": true
        }
      }
    },
    "node_modules/@angular/platform-browser-dynamic": {
      "version": "14.2.5",
      "resolved": "https://registry.npmjs.org/@angular/platform-browser-dynamic/-/platform-browser-dynamic-14.2.5.tgz",
      "integrity": "sha512-7W8oLs8YEGRr8izgUlpHgBfg3vUb5H0yicTHJY4zIqHJJbG1rTl46CjULaMjYM/FWcS8o7y6XJJcHx0c7pKNsw==",
      "dependencies": {
        "tslib": "^2.3.0"
      },
      "engines": {
        "node": "^14.15.0 || >=16.10.0"
      },
      "peerDependencies": {
        "@angular/common": "14.2.5",
        "@angular/compiler": "14.2.5",
        "@angular/core": "14.2.5",
        "@angular/platform-browser": "14.2.5"
      }
    },
    "node_modules/@angular/platform-server": {
      "version": "14.2.5",
      "resolved": "https://registry.npmjs.org/@angular/platform-server/-/platform-server-14.2.5.tgz",
      "integrity": "sha512-cRYf0rf6ctHvEnDwtAyIsTHrCvlGHHszE9KK7o2c5fYGfzhYXLw7CX/JMTN+9xwvT2H7QZFrkm2AaNjPvkKd7Q==",
      "dependencies": {
        "domino": "^2.1.2",
        "tslib": "^2.3.0",
        "xhr2": "^0.2.0"
      },
      "engines": {
        "node": "^14.15.0 || >=16.10.0"
      },
      "peerDependencies": {
        "@angular/animations": "14.2.5",
        "@angular/common": "14.2.5",
        "@angular/compiler": "14.2.5",
        "@angular/core": "14.2.5",
        "@angular/platform-browser": "14.2.5",
        "@angular/platform-browser-dynamic": "14.2.5"
      }
    },
    "node_modules/@angular/router": {
      "version": "14.2.5",
      "resolved": "https://registry.npmjs.org/@angular/router/-/router-14.2.5.tgz",
      "integrity": "sha512-AUHcr9Lln7emJ/aete08UoqWQFZOLH1MhuP78r2pixvnNiZ9C8hcevX1rGGax0Po/Gy4PSJ4wnFhZPgifqCguQ==",
      "dependencies": {
        "tslib": "^2.3.0"
      },
      "engines": {
        "node": "^14.15.0 || >=16.10.0"
      },
      "peerDependencies": {
        "@angular/common": "14.2.5",
        "@angular/core": "14.2.5",
        "@angular/platform-browser": "14.2.5",
        "rxjs": "^6.5.3 || ^7.4.0"
      }
    },
    "node_modules/@popperjs/core": {
      "version": "2.11.6",
      "resolved": "https://registry.npmjs.org/@popperjs/core/-/core-2.11.6.tgz",
      "integrity": "sha512-50/17A98tWUfQ176raKiOGXuYpLyyVMkxxG6oylzL3BPOlA6ADGdK7EYunSa4I064xerltq9TGXs8HmOk5E+vw==",
      "peer": true,
      "funding": {
        "type": "opencollective",
        "url": "https://opencollective.com/popperjs"
      }
    },
    "node_modules/acorn": {
      "version": "7.4.1",
      "resolved": "https://registry.npmjs.org/acorn/-/acorn-7.4.1.tgz",
      "integrity": "sha512-nQyp0o1/mNdbTO1PO6kHkwSrmgZ0MT/jCCpNiwbUjGoRN4dlBhqJtoQuCnEOKzgTVwg0ZWiCoQy6SxMebQVh8A==",
      "bin": {
        "acorn": "bin/acorn"
      },
      "engines": {
        "node": ">=0.4.0"
      }
    },
    "node_modules/ansi-html-community": {
      "version": "0.0.8",
      "resolved": "https://registry.npmjs.org/ansi-html-community/-/ansi-html-community-0.0.8.tgz",
      "integrity": "sha512-1APHAyr3+PCamwNw3bXCPp4HFLONZt/yIH0sZp0/469KWNTEy+qN5jQ3GVX6DMZ1UXAi34yVwtTeaG/HpBuuzw==",
      "dev": true,
      "engines": [
        "node >= 0.8.0"
      ],
      "bin": {
        "ansi-html": "bin/ansi-html"
      }
    },
    "node_modules/ansi-regex": {
      "version": "5.0.1",
      "resolved": "https://registry.npmjs.org/ansi-regex/-/ansi-regex-5.0.1.tgz",
      "integrity": "sha512-quJQXlTSUGL2LH9SUXo8VwsY4soanhgo6LNSm84E1LBcE8s3O0wpdiRzyR9z/ZZJMlMWv37qOOb9pdJlMUEKFQ==",
      "dev": true,
      "engines": {
        "node": ">=8"
      }
    },
    "node_modules/aspnet-prerendering": {
      "version": "3.0.1",
      "resolved": "https://registry.npmjs.org/aspnet-prerendering/-/aspnet-prerendering-3.0.1.tgz",
      "integrity": "sha512-nfOQYVKW3sYQMZBXNM2KPrXU2MOBuLn/gszRZM0Y1Pj4EpzCw1KjXiO681eQo4ZR1TLLzJ8L2sQbq0qeC1zxVg==",
      "dependencies": {
        "domain-task": "^3.0.0"
      }
    },
    "node_modules/base64-js": {
      "version": "1.5.1",
      "resolved": "https://registry.npmjs.org/base64-js/-/base64-js-1.5.1.tgz",
      "integrity": "sha512-AKpaYlHn8t4SVbOHCy+b5+KKgvR4vrsD8vbvrbiQJps7fKDTkjkDry6ji0rUJjC0kzbNePLwzxq8iypo41qeWA==",
      "funding": [
        {
          "type": "github",
          "url": "https://github.com/sponsors/feross"
        },
        {
          "type": "patreon",
          "url": "https://www.patreon.com/feross"
        },
        {
          "type": "consulting",
          "url": "https://feross.org/support"
        }
      ]
    },
    "node_modules/bootstrap": {
      "version": "5.2.2",
      "resolved": "https://registry.npmjs.org/bootstrap/-/bootstrap-5.2.2.tgz",
      "integrity": "sha512-dEtzMTV71n6Fhmbg4fYJzQsw1N29hJKO1js5ackCgIpDcGid2ETMGC6zwSYw09v05Y+oRdQ9loC54zB1La3hHQ==",
      "funding": [
        {
          "type": "github",
          "url": "https://github.com/sponsors/twbs"
        },
        {
          "type": "opencollective",
          "url": "https://opencollective.com/bootstrap"
        }
      ],
      "peerDependencies": {
        "@popperjs/core": "^2.11.6"
      }
    },
    "node_modules/core-js": {
      "version": "3.25.5",
      "resolved": "https://registry.npmjs.org/core-js/-/core-js-3.25.5.tgz",
      "integrity": "sha512-nbm6eZSjm+ZuBQxCUPQKQCoUEfFOXjUZ8dTTyikyKaWrTYmAVbykQfwsKE5dBK88u3QCkCrzsx/PPlKfhsvgpw==",
      "hasInstallScript": true,
      "funding": {
        "type": "opencollective",
        "url": "https://opencollective.com/core-js"
      }
    },
    "node_modules/crypto-js": {
      "version": "4.1.1",
      "resolved": "https://registry.npmjs.org/crypto-js/-/crypto-js-4.1.1.tgz",
      "integrity": "sha512-o2JlM7ydqd3Qk9CA0L4NL6mTzU2sdx96a+oOfPu8Mkl/PK51vSyoi8/rQ8NknZtk44vq15lmhAj9CIAGwgeWKw=="
    },
    "node_modules/domain-context": {
      "version": "0.5.1",
      "resolved": "https://registry.npmjs.org/domain-context/-/domain-context-0.5.1.tgz",
      "integrity": "sha512-WyTWkXciNvYYaQzdnKJtjlVSXHivtt0E/vCv36Bkwh+Sk4NXkrQpHxZT5BHYmKRVgxWMol1wcdurZCzyTT6Euw=="
    },
    "node_modules/domain-task": {
      "version": "3.0.3",
      "resolved": "https://registry.npmjs.org/domain-task/-/domain-task-3.0.3.tgz",
      "integrity": "sha512-7oAiY1AvjhVNVJbOwSHbrm6lEHczOSSCSqDkHp2ZO7vb/iOCGl7YNk/1cv4yKwSGhBMpBZ5mu+7cMorbWxWvOg==",
      "dependencies": {
        "domain-context": "^0.5.1",
        "is-absolute-url": "^2.1.0",
        "isomorphic-fetch": "^2.2.1"
      }
    },
    "node_modules/domino": {
      "version": "2.1.6",
      "resolved": "https://registry.npmjs.org/domino/-/domino-2.1.6.tgz",
      "integrity": "sha512-3VdM/SXBZX2omc9JF9nOPCtDaYQ67BGp5CoLpIQlO2KCAPETs8TcDHacF26jXadGbvUteZzRTeos2fhID5+ucQ=="
    },
    "node_modules/encoding": {
      "version": "0.1.13",
      "resolved": "https://registry.npmjs.org/encoding/-/encoding-0.1.13.tgz",
      "integrity": "sha512-ETBauow1T35Y/WZMkio9jiM0Z5xjHHmJ4XmjZOq1l/dXz3lr2sRn87nJy20RupqSh1F2m3HHPSp8ShIPQJrJ3A==",
      "dependencies": {
        "iconv-lite": "^0.6.2"
      }
    },
    "node_modules/encoding/node_modules/iconv-lite": {
      "version": "0.6.3",
      "resolved": "https://registry.npmjs.org/iconv-lite/-/iconv-lite-0.6.3.tgz",
      "integrity": "sha512-4fCk79wshMdzMp2rH06qWrJE4iolqLhCUH+OiuIgU++RB0+94NlDL81atO7GX55uUKueo0txHNtvEyI6D7WdMw==",
      "dependencies": {
        "safer-buffer": ">= 2.1.2 < 3.0.0"
      },
      "engines": {
        "node": ">=0.10.0"
      }
    },
    "node_modules/formula-1-web": {
      "version": "0.0.0",
      "resolved": "file:../Formula-1-Web",
      "dependencies": {
        "@angular/animations": "^14.0.3",
        "@angular/common": "^14.0.3",
        "@angular/compiler": "^14.0.3",
        "@angular/core": "^14.0.3",
        "@angular/forms": "^14.0.3",
        "@angular/platform-browser": "^14.0.3",
        "@angular/platform-browser-dynamic": "^14.0.3",
        "@angular/platform-server": "^14.0.3",
        "@angular/router": "^14.0.3",
        "bootstrap": "^5.1.3",
        "jquery": "^3.6.0",
        "oidc-client": "^1.11.5",
        "popper.js": "^1.16.0",
        "run-script-os": "^1.1.6",
        "rxjs": "~7.5.5",
        "tslib": "^2.4.0",
        "zone.js": "~0.11.6"
      }
    },
    "node_modules/html-entities": {
      "version": "2.3.3",
      "resolved": "https://registry.npmjs.org/html-entities/-/html-entities-2.3.3.tgz",
      "integrity": "sha512-DV5Ln36z34NNTDgnz0EWGBLZENelNAtkiFA4kyNOG2tDI6Mz1uSWiq1wAKdyjnJwyDiDO7Fa2SO1CTxPXL8VxA==",
      "dev": true
    },
    "node_modules/is-absolute-url": {
      "version": "2.1.0",
      "resolved": "https://registry.npmjs.org/is-absolute-url/-/is-absolute-url-2.1.0.tgz",
      "integrity": "sha512-vOx7VprsKyllwjSkLV79NIhpyLfr3jAp7VaTCMXOJHu4m0Ew1CZ2fcjASwmV1jI3BWuWHB013M48eyeldk9gYg==",
      "engines": {
        "node": ">=0.10.0"
      }
    },
    "node_modules/isomorphic-fetch": {
      "version": "2.2.1",
      "resolved": "https://registry.npmjs.org/isomorphic-fetch/-/isomorphic-fetch-2.2.1.tgz",
      "integrity": "sha512-9c4TNAKYXM5PRyVcwUZrF3W09nQ+sO7+jydgs4ZGW9dhsLG2VOlISJABombdQqQRXCwuYG3sYV/puGf5rp0qmA==",
      "dependencies": {
        "node-fetch": "^1.0.1",
        "whatwg-fetch": ">=0.10.0"
      }
    },
    "node_modules/jquery": {
      "version": "3.6.1",
      "resolved": "https://registry.npmjs.org/jquery/-/jquery-3.6.1.tgz",
      "integrity": "sha512-opJeO4nCucVnsjiXOE+/PcCgYw9Gwpvs/a6B1LL/lQhwWwpbVEVYDZ1FokFr8PRc7ghYlrFPuyHuiiDNTQxmcw=="
    },
    "node_modules/node-fetch": {
      "version": "1.7.3",
      "resolved": "https://registry.npmjs.org/node-fetch/-/node-fetch-1.7.3.tgz",
      "integrity": "sha512-NhZ4CsKx7cYm2vSrBAr2PvFOe6sWDf0UYLRqA6svUYg7+/TSfVAu49jYC4BvQ4Sms9SZgdqGBgroqfDhJdTyKQ==",
      "dependencies": {
        "encoding": "^0.1.11",
        "is-stream": "^1.0.1"
      }
    },
    "node_modules/node-fetch/node_modules/is-stream": {
      "version": "1.1.0",
      "resolved": "https://registry.npmjs.org/is-stream/-/is-stream-1.1.0.tgz",
      "integrity": "sha512-uQPm8kcs47jx38atAcWTVxyltQYoPT68y9aWYdV6yWXSyW8mzSat0TL6CiWdZeCdF3KrAvpVtnHbTv4RN+rqdQ==",
      "engines": {
        "node": ">=0.10.0"
      }
    },
    "node_modules/oidc-client": {
      "version": "1.11.5",
      "resolved": "https://registry.npmjs.org/oidc-client/-/oidc-client-1.11.5.tgz",
      "integrity": "sha512-LcKrKC8Av0m/KD/4EFmo9Sg8fSQ+WFJWBrmtWd+tZkNn3WT/sQG3REmPANE9tzzhbjW6VkTNy4xhAXCfPApAOg==",
      "dependencies": {
        "acorn": "^7.4.1",
        "base64-js": "^1.5.1",
        "core-js": "^3.8.3",
        "crypto-js": "^4.0.0",
        "serialize-javascript": "^4.0.0"
      }
    },
    "node_modules/oidc-client/node_modules/serialize-javascript": {
      "version": "4.0.0",
      "resolved": "https://registry.npmjs.org/serialize-javascript/-/serialize-javascript-4.0.0.tgz",
      "integrity": "sha512-GaNA54380uFefWghODBWEGisLZFj00nS5ACs6yHa9nLqlLpVLO8ChDGeKRjZnV4Nh4n0Qi7nhYZD/9fCPzEqkw==",
      "dependencies": {
        "randombytes": "^2.1.0"
      }
    },
    "node_modules/popper.js": {
      "version": "1.16.1",
      "resolved": "https://registry.npmjs.org/popper.js/-/popper.js-1.16.1.tgz",
      "integrity": "sha512-Wb4p1J4zyFTbM+u6WuO4XstYx4Ky9Cewe4DWrel7B0w6VVICvPwdOpotjzcf6eD8TsckVnIMNONQyPIUFOUbCQ==",
      "deprecated": "You can find the new Popper v2 at @popperjs/core, this package is dedicated to the legacy v1",
      "funding": {
        "type": "opencollective",
        "url": "https://opencollective.com/popperjs"
      }
    },
    "node_modules/randombytes": {
      "version": "2.1.0",
      "resolved": "https://registry.npmjs.org/randombytes/-/randombytes-2.1.0.tgz",
      "integrity": "sha512-vYl3iOX+4CKUWuxGi9Ukhie6fsqXqS9FE2Zaic4tNFD2N2QQaXOMFbuKK4QmDHC0JO6B1Zp41J0LpT0oR68amQ==",
      "dependencies": {
        "safe-buffer": "^5.1.0"
      }
    },
    "node_modules/run-script-os": {
      "version": "1.1.6",
      "resolved": "https://registry.npmjs.org/run-script-os/-/run-script-os-1.1.6.tgz",
      "integrity": "sha512-ql6P2LzhBTTDfzKts+Qo4H94VUKpxKDFz6QxxwaUZN0mwvi7L3lpOI7BqPCq7lgDh3XLl0dpeXwfcVIitlrYrw==",
      "bin": {
        "run-os": "index.js",
        "run-script-os": "index.js"
      }
    },
    "node_modules/rxjs": {
      "version": "7.5.7",
      "resolved": "https://registry.npmjs.org/rxjs/-/rxjs-7.5.7.tgz",
      "integrity": "sha512-z9MzKh/UcOqB3i20H6rtrlaE/CgjLOvheWK/9ILrbhROGTweAi1BaFsTT9FbwZi5Trr1qNRs+MXkhmR06awzQA==",
      "dependencies": {
        "tslib": "^2.1.0"
      }
    },
    "node_modules/safe-buffer": {
      "version": "5.2.1",
      "resolved": "https://registry.npmjs.org/safe-buffer/-/safe-buffer-5.2.1.tgz",
      "integrity": "sha512-rp3So07KcdmmKbGvgaNxQSJr7bGVSVk5S9Eq1F+ppbRo70+YeaDxkw5Dd8NPN+GD6bjnYm2VuPuCXmpuYvmCXQ==",
      "funding": [
        {
          "type": "github",
          "url": "https://github.com/sponsors/feross"
        },
        {
          "type": "patreon",
          "url": "https://www.patreon.com/feross"
        },
        {
          "type": "consulting",
          "url": "https://feross.org/support"
        }
      ]
    },
    "node_modules/safer-buffer": {
      "version": "2.1.2",
      "resolved": "https://registry.npmjs.org/safer-buffer/-/safer-buffer-2.1.2.tgz",
      "integrity": "sha512-YZo3K82SD7Riyi0E1EQPojLz7kpepnSQI9IyPbHHg1XXXevb5dJI7tpyN2ADxGcQbHG7vcyRHk0cbwqcQriUtg=="
    },
    "node_modules/strip-ansi": {
      "version": "6.0.1",
      "resolved": "https://registry.npmjs.org/strip-ansi/-/strip-ansi-6.0.1.tgz",
      "integrity": "sha512-Y38VPSHcqkFrCpFnQ9vuSXmquuv5oXOKpGeT6aGrr3o3Gc9AlVa6JBfUSOCnbxGGZF+/0ooI7KrPuUSztUdU5A==",
      "dev": true,
      "dependencies": {
        "ansi-regex": "^5.0.1"
      },
      "engines": {
        "node": ">=8"
      }
    },
    "node_modules/tslib": {
      "version": "2.4.0",
      "resolved": "https://registry.npmjs.org/tslib/-/tslib-2.4.0.tgz",
      "integrity": "sha512-d6xOpEDfsi2CZVlPQzGeux8XMwLT9hssAsaPYExaQMuYskwb+x1x7J371tWlbBdWHroy99KnVB6qIkUbs5X3UQ=="
    },
    "node_modules/webpack-hot-middleware": {
      "version": "2.25.3",
      "resolved": "https://registry.npmjs.org/webpack-hot-middleware/-/webpack-hot-middleware-2.25.3.tgz",
      "integrity": "sha512-IK/0WAHs7MTu1tzLTjio73LjS3Ov+VvBKQmE8WPlJutgG5zT6Urgq/BbAdRrHTRpyzK0dvAvFh1Qg98akxgZpA==",
      "dev": true,
      "dependencies": {
        "ansi-html-community": "0.0.8",
        "html-entities": "^2.1.0",
        "strip-ansi": "^6.0.0"
      }
    },
    "node_modules/whatwg-fetch": {
      "version": "3.6.2",
      "resolved": "https://registry.npmjs.org/whatwg-fetch/-/whatwg-fetch-3.6.2.tgz",
      "integrity": "sha512-bJlen0FcuU/0EMLrdbJ7zOnW6ITZLrZMIarMUVmdKtsGvZna8vxKYaexICWPfZ8qwf9fzNq+UEIZrnSaApt6RA=="
    },
    "node_modules/xhr2": {
      "version": "0.2.1",
      "resolved": "https://registry.npmjs.org/xhr2/-/xhr2-0.2.1.tgz",
      "integrity": "sha512-sID0rrVCqkVNUn8t6xuv9+6FViXjUVXq8H5rWOH2rz9fDNQEd4g0EA2XlcEdJXRz5BMEn4O1pJFdT+z4YHhoWw==",
      "engines": {
        "node": ">= 6"
      }
    },
    "node_modules/zone.js": {
      "version": "0.11.8",
      "resolved": "https://registry.npmjs.org/zone.js/-/zone.js-0.11.8.tgz",
      "integrity": "sha512-82bctBg2hKcEJ21humWIkXRlLBBmrc3nN7DFh5LGGhcyycO2S7FN8NmdvlcKaGFDNVL4/9kFLmwmInTavdJERA==",
      "dependencies": {
        "tslib": "^2.3.0"
      }
    }
  },
  "dependencies": {
    "@angular/animations": {
      "version": "14.2.5",
      "resolved": "https://registry.npmjs.org/@angular/animations/-/animations-14.2.5.tgz",
      "integrity": "sha512-4BhR9jSjgIwoK/alu7FSwSU5SxISMVFBAl/4cEYchfCqnflMNkZ8WwRVKTQjyeuYW5KtQTw9jRNp4tGK1YQWYw==",
      "requires": {
        "tslib": "^2.3.0"
      }
    },
    "@angular/common": {
      "version": "14.2.5",
      "resolved": "https://registry.npmjs.org/@angular/common/-/common-14.2.5.tgz",
      "integrity": "sha512-v2fIK6imfMkUvYNjZQO+drE39QO3eSS95Yy7UN+6inb47DkAfzx6hipA9zKrMENjsS3kDv1d7cgDHE7WuOCzIw==",
      "requires": {
        "tslib": "^2.3.0"
      }
    },
    "@angular/compiler": {
      "version": "14.2.5",
      "resolved": "https://registry.npmjs.org/@angular/compiler/-/compiler-14.2.5.tgz",
      "integrity": "sha512-L7d2/D6o9wlB2ugqRYpev6a8JntqS+7lF2o6z8y7RR2YAlAu71nq0BDsQez4/aSCK3HnDq0yhEnns7vcmOq/jA==",
      "requires": {
        "tslib": "^2.3.0"
      }
    },
    "@angular/core": {
      "version": "14.2.5",
      "resolved": "https://registry.npmjs.org/@angular/core/-/core-14.2.5.tgz",
      "integrity": "sha512-Ok78Abq0puMGlolvNVzKFvsX7ePDkyxpZzztDzXDdRA4x4o6bAuuDG9Y7Wab2+wsdY6NktO+dFQjq1UBWClgSg==",
      "requires": {
        "tslib": "^2.3.0"
      }
    },
    "@angular/forms": {
      "version": "14.2.5",
      "resolved": "https://registry.npmjs.org/@angular/forms/-/forms-14.2.5.tgz",
      "integrity": "sha512-aMH5Vrftny0KF0XzWQIGfHoI0LVQ2aatpWzdUWiUqBeX/Q+ucmxeP5rZyKtUsi0flETWxdRZSBTjbXZ3dsIcTA==",
      "requires": {
        "tslib": "^2.3.0"
      }
    },
    "@angular/platform-browser": {
      "version": "14.2.5",
      "resolved": "https://registry.npmjs.org/@angular/platform-browser/-/platform-browser-14.2.5.tgz",
      "integrity": "sha512-FDZm23N9veSEouQX1YuZUjv7Nillroi+v0VbN1x5iPpFZEudaoZYT3A7bpJwdlxUx/4rGS0caaXNhN3CowtIeQ==",
      "requires": {
        "tslib": "^2.3.0"
      }
    },
    "@angular/platform-browser-dynamic": {
      "version": "14.2.5",
      "resolved": "https://registry.npmjs.org/@angular/platform-browser-dynamic/-/platform-browser-dynamic-14.2.5.tgz",
      "integrity": "sha512-7W8oLs8YEGRr8izgUlpHgBfg3vUb5H0yicTHJY4zIqHJJbG1rTl46CjULaMjYM/FWcS8o7y6XJJcHx0c7pKNsw==",
      "requires": {
        "tslib": "^2.3.0"
      }
    },
    "@angular/platform-server": {
      "version": "14.2.5",
      "resolved": "https://registry.npmjs.org/@angular/platform-server/-/platform-server-14.2.5.tgz",
      "integrity": "sha512-cRYf0rf6ctHvEnDwtAyIsTHrCvlGHHszE9KK7o2c5fYGfzhYXLw7CX/JMTN+9xwvT2H7QZFrkm2AaNjPvkKd7Q==",
      "requires": {
        "domino": "^2.1.2",
        "tslib": "^2.3.0",
        "xhr2": "^0.2.0"
      }
    },
    "@angular/router": {
      "version": "14.2.5",
      "resolved": "https://registry.npmjs.org/@angular/router/-/router-14.2.5.tgz",
      "integrity": "sha512-AUHcr9Lln7emJ/aete08UoqWQFZOLH1MhuP78r2pixvnNiZ9C8hcevX1rGGax0Po/Gy4PSJ4wnFhZPgifqCguQ==",
      "requires": {
        "tslib": "^2.3.0"
      }
    },
    "@popperjs/core": {
      "version": "2.11.6",
      "resolved": "https://registry.npmjs.org/@popperjs/core/-/core-2.11.6.tgz",
      "integrity": "sha512-50/17A98tWUfQ176raKiOGXuYpLyyVMkxxG6oylzL3BPOlA6ADGdK7EYunSa4I064xerltq9TGXs8HmOk5E+vw==",
      "peer": true
    },
    "acorn": {
      "version": "7.4.1",
      "resolved": "https://registry.npmjs.org/acorn/-/acorn-7.4.1.tgz",
      "integrity": "sha512-nQyp0o1/mNdbTO1PO6kHkwSrmgZ0MT/jCCpNiwbUjGoRN4dlBhqJtoQuCnEOKzgTVwg0ZWiCoQy6SxMebQVh8A=="
    },
    "ansi-html-community": {
      "version": "0.0.8",
      "resolved": "https://registry.npmjs.org/ansi-html-community/-/ansi-html-community-0.0.8.tgz",
      "integrity": "sha512-1APHAyr3+PCamwNw3bXCPp4HFLONZt/yIH0sZp0/469KWNTEy+qN5jQ3GVX6DMZ1UXAi34yVwtTeaG/HpBuuzw==",
      "dev": true
    },
    "ansi-regex": {
      "version": "5.0.1",
      "resolved": "https://registry.npmjs.org/ansi-regex/-/ansi-regex-5.0.1.tgz",
      "integrity": "sha512-quJQXlTSUGL2LH9SUXo8VwsY4soanhgo6LNSm84E1LBcE8s3O0wpdiRzyR9z/ZZJMlMWv37qOOb9pdJlMUEKFQ==",
      "dev": true
    },
    "aspnet-prerendering": {
      "version": "3.0.1",
      "resolved": "https://registry.npmjs.org/aspnet-prerendering/-/aspnet-prerendering-3.0.1.tgz",
      "integrity": "sha512-nfOQYVKW3sYQMZBXNM2KPrXU2MOBuLn/gszRZM0Y1Pj4EpzCw1KjXiO681eQo4ZR1TLLzJ8L2sQbq0qeC1zxVg==",
      "requires": {
        "domain-task": "^3.0.0"
      }
    },
    "base64-js": {
      "version": "1.5.1",
      "resolved": "https://registry.npmjs.org/base64-js/-/base64-js-1.5.1.tgz",
      "integrity": "sha512-AKpaYlHn8t4SVbOHCy+b5+KKgvR4vrsD8vbvrbiQJps7fKDTkjkDry6ji0rUJjC0kzbNePLwzxq8iypo41qeWA=="
    },
    "bootstrap": {
      "version": "5.2.2",
      "resolved": "https://registry.npmjs.org/bootstrap/-/bootstrap-5.2.2.tgz",
      "integrity": "sha512-dEtzMTV71n6Fhmbg4fYJzQsw1N29hJKO1js5ackCgIpDcGid2ETMGC6zwSYw09v05Y+oRdQ9loC54zB1La3hHQ==",
      "requires": {}
    },
    "core-js": {
      "version": "3.25.5",
      "resolved": "https://registry.npmjs.org/core-js/-/core-js-3.25.5.tgz",
      "integrity": "sha512-nbm6eZSjm+ZuBQxCUPQKQCoUEfFOXjUZ8dTTyikyKaWrTYmAVbykQfwsKE5dBK88u3QCkCrzsx/PPlKfhsvgpw=="
    },
    "crypto-js": {
      "version": "4.1.1",
      "resolved": "https://registry.npmjs.org/crypto-js/-/crypto-js-4.1.1.tgz",
      "integrity": "sha512-o2JlM7ydqd3Qk9CA0L4NL6mTzU2sdx96a+oOfPu8Mkl/PK51vSyoi8/rQ8NknZtk44vq15lmhAj9CIAGwgeWKw=="
    },
    "domain-context": {
      "version": "0.5.1",
      "resolved": "https://registry.npmjs.org/domain-context/-/domain-context-0.5.1.tgz",
      "integrity": "sha512-WyTWkXciNvYYaQzdnKJtjlVSXHivtt0E/vCv36Bkwh+Sk4NXkrQpHxZT5BHYmKRVgxWMol1wcdurZCzyTT6Euw=="
    },
    "domain-task": {
      "version": "3.0.3",
      "resolved": "https://registry.npmjs.org/domain-task/-/domain-task-3.0.3.tgz",
      "integrity": "sha512-7oAiY1AvjhVNVJbOwSHbrm6lEHczOSSCSqDkHp2ZO7vb/iOCGl7YNk/1cv4yKwSGhBMpBZ5mu+7cMorbWxWvOg==",
      "requires": {
        "domain-context": "^0.5.1",
        "is-absolute-url": "^2.1.0",
        "isomorphic-fetch": "^2.2.1"
      }
    },
    "domino": {
      "version": "2.1.6",
      "resolved": "https://registry.npmjs.org/domino/-/domino-2.1.6.tgz",
      "integrity": "sha512-3VdM/SXBZX2omc9JF9nOPCtDaYQ67BGp5CoLpIQlO2KCAPETs8TcDHacF26jXadGbvUteZzRTeos2fhID5+ucQ=="
    },
    "encoding": {
      "version": "0.1.13",
      "resolved": "https://registry.npmjs.org/encoding/-/encoding-0.1.13.tgz",
      "integrity": "sha512-ETBauow1T35Y/WZMkio9jiM0Z5xjHHmJ4XmjZOq1l/dXz3lr2sRn87nJy20RupqSh1F2m3HHPSp8ShIPQJrJ3A==",
      "requires": {
        "iconv-lite": "^0.6.2"
      },
      "dependencies": {
        "iconv-lite": {
          "version": "0.6.3",
          "resolved": "https://registry.npmjs.org/iconv-lite/-/iconv-lite-0.6.3.tgz",
          "integrity": "sha512-4fCk79wshMdzMp2rH06qWrJE4iolqLhCUH+OiuIgU++RB0+94NlDL81atO7GX55uUKueo0txHNtvEyI6D7WdMw==",
          "requires": {
            "safer-buffer": ">= 2.1.2 < 3.0.0"
          }
        }
      }
    },
    "formula-1-web": {
      "version": "0.0.0",
      "requires": {
        "@angular/animations": "^14.0.3",
        "@angular/common": "^14.0.3",
        "@angular/compiler": "^14.0.3",
        "@angular/core": "^14.0.3",
        "@angular/forms": "^14.0.3",
        "@angular/platform-browser": "^14.0.3",
        "@angular/platform-browser-dynamic": "^14.0.3",
        "@angular/platform-server": "^14.0.3",
        "@angular/router": "^14.0.3",
        "bootstrap": "^5.1.3",
        "jquery": "^3.6.0",
        "oidc-client": "^1.11.5",
        "popper.js": "^1.16.0",
        "run-script-os": "^1.1.6",
        "rxjs": "~7.5.5",
        "tslib": "^2.4.0",
        "zone.js": "~0.11.6"
      }
    },
    "html-entities": {
      "version": "2.3.3",
      "resolved": "https://registry.npmjs.org/html-entities/-/html-entities-2.3.3.tgz",
      "integrity": "sha512-DV5Ln36z34NNTDgnz0EWGBLZENelNAtkiFA4kyNOG2tDI6Mz1uSWiq1wAKdyjnJwyDiDO7Fa2SO1CTxPXL8VxA==",
      "dev": true
    },
    "is-absolute-url": {
      "version": "2.1.0",
      "resolved": "https://registry.npmjs.org/is-absolute-url/-/is-absolute-url-2.1.0.tgz",
      "integrity": "sha512-vOx7VprsKyllwjSkLV79NIhpyLfr3jAp7VaTCMXOJHu4m0Ew1CZ2fcjASwmV1jI3BWuWHB013M48eyeldk9gYg=="
    },
    "isomorphic-fetch": {
      "version": "2.2.1",
      "resolved": "https://registry.npmjs.org/isomorphic-fetch/-/isomorphic-fetch-2.2.1.tgz",
      "integrity": "sha512-9c4TNAKYXM5PRyVcwUZrF3W09nQ+sO7+jydgs4ZGW9dhsLG2VOlISJABombdQqQRXCwuYG3sYV/puGf5rp0qmA==",
      "requires": {
        "node-fetch": "^1.0.1",
        "whatwg-fetch": ">=0.10.0"
      }
    },
    "jquery": {
      "version": "3.6.1",
      "resolved": "https://registry.npmjs.org/jquery/-/jquery-3.6.1.tgz",
      "integrity": "sha512-opJeO4nCucVnsjiXOE+/PcCgYw9Gwpvs/a6B1LL/lQhwWwpbVEVYDZ1FokFr8PRc7ghYlrFPuyHuiiDNTQxmcw=="
    },
    "node-fetch": {
      "version": "1.7.3",
      "resolved": "https://registry.npmjs.org/node-fetch/-/node-fetch-1.7.3.tgz",
      "integrity": "sha512-NhZ4CsKx7cYm2vSrBAr2PvFOe6sWDf0UYLRqA6svUYg7+/TSfVAu49jYC4BvQ4Sms9SZgdqGBgroqfDhJdTyKQ==",
      "requires": {
        "encoding": "^0.1.11",
        "is-stream": "^1.0.1"
      },
      "dependencies": {
        "is-stream": {
          "version": "1.1.0",
          "resolved": "https://registry.npmjs.org/is-stream/-/is-stream-1.1.0.tgz",
          "integrity": "sha512-uQPm8kcs47jx38atAcWTVxyltQYoPT68y9aWYdV6yWXSyW8mzSat0TL6CiWdZeCdF3KrAvpVtnHbTv4RN+rqdQ=="
        }
      }
    },
    "oidc-client": {
      "version": "1.11.5",
      "resolved": "https://registry.npmjs.org/oidc-client/-/oidc-client-1.11.5.tgz",
      "integrity": "sha512-LcKrKC8Av0m/KD/4EFmo9Sg8fSQ+WFJWBrmtWd+tZkNn3WT/sQG3REmPANE9tzzhbjW6VkTNy4xhAXCfPApAOg==",
      "requires": {
        "acorn": "^7.4.1",
        "base64-js": "^1.5.1",
        "core-js": "^3.8.3",
        "crypto-js": "^4.0.0",
        "serialize-javascript": "^4.0.0"
      },
      "dependencies": {
        "serialize-javascript": {
          "version": "4.0.0",
          "resolved": "https://registry.npmjs.org/serialize-javascript/-/serialize-javascript-4.0.0.tgz",
          "integrity": "sha512-GaNA54380uFefWghODBWEGisLZFj00nS5ACs6yHa9nLqlLpVLO8ChDGeKRjZnV4Nh4n0Qi7nhYZD/9fCPzEqkw==",
          "requires": {
            "randombytes": "^2.1.0"
          }
        }
      }
    },
    "popper.js": {
      "version": "1.16.1",
      "resolved": "https://registry.npmjs.org/popper.js/-/popper.js-1.16.1.tgz",
      "integrity": "sha512-Wb4p1J4zyFTbM+u6WuO4XstYx4Ky9Cewe4DWrel7B0w6VVICvPwdOpotjzcf6eD8TsckVnIMNONQyPIUFOUbCQ=="
    },
    "randombytes": {
      "version": "2.1.0",
      "resolved": "https://registry.npmjs.org/randombytes/-/randombytes-2.1.0.tgz",
      "integrity": "sha512-vYl3iOX+4CKUWuxGi9Ukhie6fsqXqS9FE2Zaic4tNFD2N2QQaXOMFbuKK4QmDHC0JO6B1Zp41J0LpT0oR68amQ==",
      "requires": {
        "safe-buffer": "^5.1.0"
      }
    },
    "run-script-os": {
      "version": "1.1.6",
      "resolved": "https://registry.npmjs.org/run-script-os/-/run-script-os-1.1.6.tgz",
      "integrity": "sha512-ql6P2LzhBTTDfzKts+Qo4H94VUKpxKDFz6QxxwaUZN0mwvi7L3lpOI7BqPCq7lgDh3XLl0dpeXwfcVIitlrYrw=="
    },
    "rxjs": {
      "version": "7.5.7",
      "resolved": "https://registry.npmjs.org/rxjs/-/rxjs-7.5.7.tgz",
      "integrity": "sha512-z9MzKh/UcOqB3i20H6rtrlaE/CgjLOvheWK/9ILrbhROGTweAi1BaFsTT9FbwZi5Trr1qNRs+MXkhmR06awzQA==",
      "requires": {
        "tslib": "^2.1.0"
      }
    },
    "safe-buffer": {
      "version": "5.2.1",
      "resolved": "https://registry.npmjs.org/safe-buffer/-/safe-buffer-5.2.1.tgz",
      "integrity": "sha512-rp3So07KcdmmKbGvgaNxQSJr7bGVSVk5S9Eq1F+ppbRo70+YeaDxkw5Dd8NPN+GD6bjnYm2VuPuCXmpuYvmCXQ=="
    },
    "safer-buffer": {
      "version": "2.1.2",
      "resolved": "https://registry.npmjs.org/safer-buffer/-/safer-buffer-2.1.2.tgz",
      "integrity": "sha512-YZo3K82SD7Riyi0E1EQPojLz7kpepnSQI9IyPbHHg1XXXevb5dJI7tpyN2ADxGcQbHG7vcyRHk0cbwqcQriUtg=="
    },
    "strip-ansi": {
      "version": "6.0.1",
      "resolved": "https://registry.npmjs.org/strip-ansi/-/strip-ansi-6.0.1.tgz",
      "integrity": "sha512-Y38VPSHcqkFrCpFnQ9vuSXmquuv5oXOKpGeT6aGrr3o3Gc9AlVa6JBfUSOCnbxGGZF+/0ooI7KrPuUSztUdU5A==",
      "dev": true,
      "requires": {
        "ansi-regex": "^5.0.1"
      }
    },
    "tslib": {
      "version": "2.4.0",
      "resolved": "https://registry.npmjs.org/tslib/-/tslib-2.4.0.tgz",
      "integrity": "sha512-d6xOpEDfsi2CZVlPQzGeux8XMwLT9hssAsaPYExaQMuYskwb+x1x7J371tWlbBdWHroy99KnVB6qIkUbs5X3UQ=="
    },
    "webpack-hot-middleware": {
      "version": "2.25.3",
      "resolved": "https://registry.npmjs.org/webpack-hot-middleware/-/webpack-hot-middleware-2.25.3.tgz",
      "integrity": "sha512-IK/0WAHs7MTu1tzLTjio73LjS3Ov+VvBKQmE8WPlJutgG5zT6Urgq/BbAdRrHTRpyzK0dvAvFh1Qg98akxgZpA==",
      "dev": true,
      "requires": {
        "ansi-html-community": "0.0.8",
        "html-entities": "^2.1.0",
        "strip-ansi": "^6.0.0"
      }
    },
    "whatwg-fetch": {
      "version": "3.6.2",
      "resolved": "https://registry.npmjs.org/whatwg-fetch/-/whatwg-fetch-3.6.2.tgz",
      "integrity": "sha512-bJlen0FcuU/0EMLrdbJ7zOnW6ITZLrZMIarMUVmdKtsGvZna8vxKYaexICWPfZ8qwf9fzNq+UEIZrnSaApt6RA=="
    },
    "xhr2": {
      "version": "0.2.1",
      "resolved": "https://registry.npmjs.org/xhr2/-/xhr2-0.2.1.tgz",
      "integrity": "sha512-sID0rrVCqkVNUn8t6xuv9+6FViXjUVXq8H5rWOH2rz9fDNQEd4g0EA2XlcEdJXRz5BMEn4O1pJFdT+z4YHhoWw=="
    },
    "zone.js": {
      "version": "0.11.8",
      "resolved": "https://registry.npmjs.org/zone.js/-/zone.js-0.11.8.tgz",
      "integrity": "sha512-82bctBg2hKcEJ21humWIkXRlLBBmrc3nN7DFh5LGGhcyycO2S7FN8NmdvlcKaGFDNVL4/9kFLmwmInTavdJERA==",
      "requires": {
        "tslib": "^2.3.0"
      }
    }
  }
}
